<?xml version="1.0" encoding="UTF-8" standalone="yes" ?>
<CodeBlocks_project_file>
	<FileVersion major="1" minor="6" />
	<Project>
		<Option title="examples" />
		<Option pch_mode="2" />
		<Option compiler="gcc" />
		<Build>
			<Target title="writer_standalone">
				<Option output="bin/Debug/writer_standalone" prefix_auto="1" extension_auto="1" />
				<Option object_output="obj/Debug/" />
				<Option type="1" />
				<Option compiler="gcc" />
				<Compiler>
					<Add option="-Wextra" />
					<Add option="-Wall" />
					<Add option="-g" />
				</Compiler>
				<Linker>
					<Add library="../bin/Debug/libbinson.so" />
				</Linker>
			</Target>
			<Target title="output_model_dom">
				<Option output="bin/Debug/output_model_dom" prefix_auto="1" extension_auto="1" />
				<Option object_output="obj/Debug/" />
				<Option type="1" />
				<Option compiler="gcc" />
				<Compiler>
					<Add option="-Wextra" />
					<Add option="-Wall" />
					<Add option="-pg" />
					<Add option="-g" />
				</Compiler>
				<Linker>
					<Add option="-pg" />
					<Add library="/home/kotomysha/binson/binson-c/bin/Debug/libbinson.so" />
				</Linker>
			</Target>
			<Target title="debug_features">
				<Option output="bin/Debug/debug_features" prefix_auto="1" extension_auto="1" />
				<Option object_output="obj/Debug/" />
				<Option type="1" />
				<Option compiler="gcc" />
				<Compiler>
					<Add option="-Wextra" />
					<Add option="-Wall" />
					<Add option="-pg" />
					<Add option="-g" />
				</Compiler>
				<Linker>
					<Add option="-pg" />
					<Add library="../bin/Debug/libbinson.so" />
				</Linker>
			</Target>
			<Target title="recycle">
				<Option output="bin/Debug/recycle" prefix_auto="1" extension_auto="1" />
				<Option object_output="obj/Debug/" />
				<Option type="1" />
				<Option compiler="gcc" />
				<Compiler>
					<Add option="-Wextra" />
					<Add option="-Wall" />
					<Add option="-pg" />
					<Add option="-g" />
				</Compiler>
				<Linker>
					<Add option="-pg" />
					<Add library="/home/kotomysha/binson/binson-c/bin/Debug/libbinson.so" />
				</Linker>
			</Target>
			<Target title="pot_1">
				<Option output="bin/Debug/pot_1" prefix_auto="1" extension_auto="1" />
				<Option object_output="obj/Debug/" />
				<Option type="1" />
				<Option compiler="gcc" />
				<Compiler>
					<Add option="-Wextra" />
					<Add option="-Wall" />
					<Add option="-pg" />
					<Add option="-g" />
				</Compiler>
				<Linker>
					<Add option="-pg" />
					<Add library="/home/kotomysha/binson/binson-c/bin/Debug/libbinson.so" />
				</Linker>
			</Target>
		</Build>
		<Compiler>
			<Add option="-Wall" />
		</Compiler>
		<Unit filename="common.c">
			<Option compilerVar="CC" />
			<Option target="writer_standalone" />
			<Option target="output_model_dom" />
			<Option target="debug_features" />
			<Option target="recycle" />
		</Unit>
		<Unit filename="common.h">
			<Option target="&lt;{~None~}&gt;" />
		</Unit>
		<Unit filename="debug_features.c">
			<Option compilerVar="CC" />
			<Option target="debug_features" />
		</Unit>
		<Unit filename="output_model_dom.c">
			<Option compilerVar="CC" />
			<Option target="output_model_dom" />
		</Unit>
		<Unit filename="pot_1.c">
			<Option compilerVar="CC" />
			<Option target="recycle" />
			<Option target="pot_1" />
		</Unit>
		<Unit filename="recycle.c">
			<Option compilerVar="CC" />
			<Option target="recycle" />
		</Unit>
		<Unit filename="writer_standalone.c">
			<Option compilerVar="CC" />
			<Option target="writer_standalone" />
		</Unit>
		<Extensions>
			<envvars />
			<code_completion />
			<lib_finder disable_auto="1" />
			<debugger />
		</Extensions>
	</Project>
</CodeBlocks_project_file>
